
Microsoft Visual Studio Solution File, Format Version 12.00
# Visual Studio Version 17
VisualStudioVersion = 17.7.34202.233
MinimumVisualStudioVersion = 10.0.40219.1
Project("{FAE04EC0-301F-11D3-BF4B-00C04F79EFBC}") = "KoczkaBSolarSys", "KoczkaBSolarSys\KoczkaBSolarSys.csproj", "{778A4538-903C-4BC3-8BB7-E889F324093C}"
EndProject
Global
	GlobalSection(SolutionConfigurationPlatforms) = preSolution
		Debug|Any CPU = Debug|Any CPU
		Release|Any CPU = Release|Any CPU
	EndGlobalSection
	GlobalSection(ProjectConfigurationPlatforms) = postSolution
		{778A4538-903C-4BC3-8BB7-E889F324093C}.Debug|Any CPU.ActiveCfg = Debug|Any CPU
		{778A4538-903C-4BC3-8BB7-E889F324093C}.Debug|Any CPU.Build.0 = Debug|Any CPU
		{778A4538-903C-4BC3-8BB7-E889F324093C}.Release|Any CPU.ActiveCfg = Release|Any CPU
		{778A4538-903C-4BC3-8BB7-E889F324093C}.Release|Any CPU.Build.0 = Release|Any CPU
	EndGlobalSection
	GlobalSection(SolutionProperties) = preSolution
		HideSolutionNode = FALSE
	EndGlobalSection
	GlobalSection(ExtensibilityGlobals) = postSolution
		SolutionGuid = {231EE8E1-6824-4F37-96EA-1645CE3274A1}
	EndGlobalSection
EndGlobal
